
Microsoft Visual Studio Solution File, Format Version 12.00
# Visual Studio Version 17
VisualStudioVersion = 17.1.32210.238
MinimumVisualStudioVersion = 10.0.40219.1
Project("{9A19103F-16F7-4668-BE54-9A1E7A4F7556}") = "ProtectionOfInfo.WebApp", "ProtectionOfInfo.WebApp\ProtectionOfInfo.WebApp.csproj", "{F8202A1A-5849-40B5-B9CD-2C2EBA40D0A6}"
EndProject
Global
	GlobalSection(SolutionConfigurationPlatforms) = preSolution
		Debug|Any CPU = Debug|Any CPU
		Release|Any CPU = Release|Any CPU
	EndGlobalSection
	GlobalSection(ProjectConfigurationPlatforms) = postSolution
		{F8202A1A-5849-40B5-B9CD-2C2EBA40D0A6}.Debug|Any CPU.ActiveCfg = Debug|Any CPU
		{F8202A1A-5849-40B5-B9CD-2C2EBA40D0A6}.Debug|Any CPU.Build.0 = Debug|Any CPU
		{F8202A1A-5849-40B5-B9CD-2C2EBA40D0A6}.Release|Any CPU.ActiveCfg = Release|Any CPU
		{F8202A1A-5849-40B5-B9CD-2C2EBA40D0A6}.Release|Any CPU.Build.0 = Release|Any CPU
	EndGlobalSection
	GlobalSection(SolutionProperties) = preSolution
		HideSolutionNode = FALSE
	EndGlobalSection
	GlobalSection(ExtensibilityGlobals) = postSolution
		SolutionGuid = {DCF9591C-013A-402F-9B79-6C0D10F8ECF6}
	EndGlobalSection
EndGlobal
